
Microsoft Visual Studio Solution File, Format Version 12.00
# Visual Studio Version 16
VisualStudioVersion = 16.0.29306.81
MinimumVisualStudioVersion = 10.0.40219.1
Project("{FAE04EC0-301F-11D3-BF4B-00C04F79EFBC}") = "GG1.cmd", "GG1.cmd\GG1.cmd.csproj", "{5C4F797B-B329-4636-A7E2-5571B4AC7E7B}"
EndProject
Project("{FAE04EC0-301F-11D3-BF4B-00C04F79EFBC}") = "Acc.BLL", "Acc.BLL\Acc.BLL.csproj", "{D691640A-03C8-45EB-9530-7BB17920F4F5}"
EndProject
Project("{FAE04EC0-301F-11D3-BF4B-00C04F79EFBC}") = "Cale.BLL.UnitTest", "Cale.BLL.UnitTest\Cale.BLL.UnitTest.csproj", "{095A68FE-3938-434D-B549-B73988E2073F}"
EndProject
Global
	GlobalSection(SolutionConfigurationPlatforms) = preSolution
		Debug|Any CPU = Debug|Any CPU
		Release|Any CPU = Release|Any CPU
	EndGlobalSection
	GlobalSection(ProjectConfigurationPlatforms) = postSolution
		{5C4F797B-B329-4636-A7E2-5571B4AC7E7B}.Debug|Any CPU.ActiveCfg = Debug|Any CPU
		{5C4F797B-B329-4636-A7E2-5571B4AC7E7B}.Debug|Any CPU.Build.0 = Debug|Any CPU
		{5C4F797B-B329-4636-A7E2-5571B4AC7E7B}.Release|Any CPU.ActiveCfg = Release|Any CPU
		{5C4F797B-B329-4636-A7E2-5571B4AC7E7B}.Release|Any CPU.Build.0 = Release|Any CPU
		{D691640A-03C8-45EB-9530-7BB17920F4F5}.Debug|Any CPU.ActiveCfg = Debug|Any CPU
		{D691640A-03C8-45EB-9530-7BB17920F4F5}.Debug|Any CPU.Build.0 = Debug|Any CPU
		{D691640A-03C8-45EB-9530-7BB17920F4F5}.Release|Any CPU.ActiveCfg = Release|Any CPU
		{D691640A-03C8-45EB-9530-7BB17920F4F5}.Release|Any CPU.Build.0 = Release|Any CPU
		{095A68FE-3938-434D-B549-B73988E2073F}.Debug|Any CPU.ActiveCfg = Debug|Any CPU
		{095A68FE-3938-434D-B549-B73988E2073F}.Debug|Any CPU.Build.0 = Debug|Any CPU
		{095A68FE-3938-434D-B549-B73988E2073F}.Release|Any CPU.ActiveCfg = Release|Any CPU
		{095A68FE-3938-434D-B549-B73988E2073F}.Release|Any CPU.Build.0 = Release|Any CPU
	EndGlobalSection
	GlobalSection(SolutionProperties) = preSolution
		HideSolutionNode = FALSE
	EndGlobalSection
	GlobalSection(ExtensibilityGlobals) = postSolution
		SolutionGuid = {6D308B66-D178-4B71-98C6-57293172CCED}
	EndGlobalSection
EndGlobal
